
Microsoft Visual Studio Solution File, Format Version 12.00
# Visual Studio Version 17
VisualStudioVersion = 17.9.34714.143
MinimumVisualStudioVersion = 10.0.40219.1
Project("{9A19103F-16F7-4668-BE54-9A1E7A4F7556}") = "KhumaloCraft", "KhumaloCraft.csproj", "{FC4E8ABE-AC94-4755-9E63-AA8C585709BF}"
EndProject
Global
	GlobalSection(SolutionConfigurationPlatforms) = preSolution
		Debug|Any CPU = Debug|Any CPU
		Release|Any CPU = Release|Any CPU
	EndGlobalSection
	GlobalSection(ProjectConfigurationPlatforms) = postSolution
		{FC4E8ABE-AC94-4755-9E63-AA8C585709BF}.Debug|Any CPU.ActiveCfg = Debug|Any CPU
		{FC4E8ABE-AC94-4755-9E63-AA8C585709BF}.Debug|Any CPU.Build.0 = Debug|Any CPU
		{FC4E8ABE-AC94-4755-9E63-AA8C585709BF}.Release|Any CPU.ActiveCfg = Release|Any CPU
		{FC4E8ABE-AC94-4755-9E63-AA8C585709BF}.Release|Any CPU.Build.0 = Release|Any CPU
	EndGlobalSection
	GlobalSection(SolutionProperties) = preSolution
		HideSolutionNode = FALSE
	EndGlobalSection
	GlobalSection(ExtensibilityGlobals) = postSolution
		SolutionGuid = {49EB10DE-10D3-44B0-9866-D9646E66CBC0}
	EndGlobalSection
EndGlobal
